// !$*UTF8*$!
{
	archiveVersion = 1;
	classes = {
	};
	objectVersion = 50;
	objects = {

/* Begin PBXBuildFile section */
		18726EDB21DF6E74008EC33D /* AppDelegate.swift in Sources */ = {isa = PBXBuildFile; fileRef = 18726EDA21DF6E74008EC33D /* AppDelegate.swift */; };
		18726EDD21DF6E74008EC33D /* ViewController.swift in Sources */ = {isa = PBXBuildFile; fileRef = 18726EDC21DF6E74008EC33D /* ViewController.swift */; };
		18726EE021DF6E74008EC33D /* Main.storyboard in Resources */ = {isa = PBXBuildFile; fileRef = 18726EDE21DF6E74008EC33D /* Main.storyboard */; };
		18726EE221DF6E74008EC33D /* Assets.xcassets in Resources */ = {isa = PBXBuildFile; fileRef = 18726EE121DF6E74008EC33D /* Assets.xcassets */; };
		18726EE521DF6E74008EC33D /* LaunchScreen.storyboard in Resources */ = {isa = PBXBuildFile; fileRef = 18726EE321DF6E74008EC33D /* LaunchScreen.storyboard */; };
		18726EED21DF8994008EC33D /* CustomLabel.swift in Sources */ = {isa = PBXBuildFile; fileRef = 18726EEC21DF8994008EC33D /* CustomLabel.swift */; };
		1C0D8FB55D5C703ABACAB59E /* Pods_Link.framework in Frameworks */ = {isa = PBXBuildFile; fileRef = 5F51791076078F436993B1FD /* Pods_Link.framework */; };
/* End PBXBuildFile section */

/* Begin PBXFileReference section */
		0668AB6E10873E33E7B4182D /* Pods-Link.release.xcconfig */ = {isa = PBXFileReference; includeInIndex = 1; lastKnownFileType = text.xcconfig; name = "Pods-Link.release.xcconfig"; path = "Pods/Target Support Files/Pods-Link/Pods-Link.release.xcconfig"; sourceTree = "<group>"; };
		18726ED721DF6E74008EC33D /* Link.app */ = {isa = PBXFileReference; explicitFileType = wrapper.application; includeInIndex = 0; path = Link.app; sourceTree = BUILT_PRODUCTS_DIR; };
		18726EDA21DF6E74008EC33D /* AppDelegate.swift */ = {isa = PBXFileReference; lastKnownFileType = sourcecode.swift; path = AppDelegate.swift; sourceTree = "<group>"; };
		18726EDC21DF6E74008EC33D /* ViewController.swift */ = {isa = PBXFileReference; lastKnownFileType = sourcecode.swift; path = ViewController.swift; sourceTree = "<group>"; };
		18726EDF21DF6E74008EC33D /* Base */ = {isa = PBXFileReference; lastKnownFileType = file.storyboard; name = Base; path = Base.lproj/Main.storyboard; sourceTree = "<group>"; };
		18726EE121DF6E74008EC33D /* Assets.xcassets */ = {isa = PBXFileReference; lastKnownFileType = folder.assetcatalog; path = Assets.xcassets; sourceTree = "<group>"; };
		18726EE421DF6E74008EC33D /* Base */ = {isa = PBXFileReference; lastKnownFileType = file.storyboard; name = Base; path = Base.lproj/LaunchScreen.storyboard; sourceTree = "<group>"; };
		18726EE621DF6E74008EC33D /* Info.plist */ = {isa = PBXFileReference; lastKnownFileType = text.plist.xml; path = Info.plist; sourceTree = "<group>"; };
		18726EEC21DF8994008EC33D /* CustomLabel.swift */ = {isa = PBXFileReference; lastKnownFileType = sourcecode.swift; path = CustomLabel.swift; sourceTree = "<group>"; };
		5F51791076078F436993B1FD /* Pods_Link.framework */ = {isa = PBXFileReference; explicitFileType = wrapper.framework; includeInIndex = 0; path = Pods_Link.framework; sourceTree = BUILT_PRODUCTS_DIR; };
		635D85A0F1265AE231A37C2B /* Pods-Link.debug.xcconfig */ = {isa = PBXFileReference; includeInIndex = 1; lastKnownFileType = text.xcconfig; name = "Pods-Link.debug.xcconfig"; path = "Pods/Target Support Files/Pods-Link/Pods-Link.debug.xcconfig"; sourceTree = "<group>"; };
/* End PBXFileReference section */

/* Begin PBXFrameworksBuildPhase section */
		18726ED421DF6E74008EC33D /* Frameworks */ = {
			isa = PBXFrameworksBuildPhase;
			buildActionMask = 2147483647;
			files = (
				1C0D8FB55D5C703ABACAB59E /* Pods_Link.framework in Frameworks */,
			);
			runOnlyForDeploymentPostprocessing = 0;
		};
/* End PBXFrameworksBuildPhase section */

/* Begin PBXGroup section */
		18726ECE21DF6E74008EC33D = {
			isa = PBXGroup;
			children = (
				18726ED921DF6E74008EC33D /* Link */,
				18726ED821DF6E74008EC33D /* Products */,
				856942739144DE772D745772 /* Pods */,
				9E4FF80F82381F97A13A3261 /* Frameworks */,
			);
			sourceTree = "<group>";
		};
		18726ED821DF6E74008EC33D /* Products */ = {
			isa = PBXGroup;
			children = (
				18726ED721DF6E74008EC33D /* Link.app */,
			);
			name = Products;
			sourceTree = "<group>";
		};
		18726ED921DF6E74008EC33D /* Link */ = {
			isa = PBXGroup;
			children = (
				18726EDA21DF6E74008EC33D /* AppDelegate.swift */,
				18726EDC21DF6E74008EC33D /* ViewController.swift */,
				18726EDE21DF6E74008EC33D /* Main.storyboard */,
				18726EE121DF6E74008EC33D /* Assets.xcassets */,
				18726EE321DF6E74008EC33D /* LaunchScreen.storyboard */,
				18726EE621DF6E74008EC33D /* Info.plist */,
				18726EEC21DF8994008EC33D /* CustomLabel.swift */,
			);
			path = Link;
			sourceTree = "<group>";
		};
		856942739144DE772D745772 /* Pods */ = {
			isa = PBXGroup;
			children = (
				635D85A0F1265AE231A37C2B /* Pods-Link.debug.xcconfig */,
				0668AB6E10873E33E7B4182D /* Pods-Link.release.xcconfig */,
			);
			name = Pods;
			sourceTree = "<group>";
		};
		9E4FF80F82381F97A13A3261 /* Frameworks */ = {
			isa = PBXGroup;
			children = (
				5F51791076078F436993B1FD /* Pods_Link.framework */,
			);
			name = Frameworks;
			sourceTree = "<group>";
		};
/* End PBXGroup section */

/* Begin PBXNativeTarget section */
		18726ED621DF6E74008EC33D /* Link */ = {
			isa = PBXNativeTarget;
			buildConfigurationList = 18726EE921DF6E74008EC33D /* Build configuration list for PBXNativeTarget "Link" */;
			buildPhases = (
				6A94188F4CB5CAED1180BCEF /* [CP] Check Pods Manifest.lock */,
				18726ED321DF6E74008EC33D /* Sources */,
				18726ED421DF6E74008EC33D /* Frameworks */,
				18726ED521DF6E74008EC33D /* Resources */,
				FEFC0D5658B05564394C49D9 /* [CP] Embed Pods Frameworks */,
			);
			buildRules = (
			);
			dependencies = (
			);
			name = Link;
			productName = Link;
			productReference = 18726ED721DF6E74008EC33D /* Link.app */;
			productType = "com.apple.product-type.application";
		};
/* End PBXNativeTarget section */

/* Begin PBXProject section */
		18726ECF21DF6E74008EC33D /* Project object */ = {
			isa = PBXProject;
			attributes = {
				LastSwiftUpdateCheck = 1010;
				LastUpgradeCheck = 1010;
				ORGANIZATIONNAME = IND;
				TargetAttributes = {
					18726ED621DF6E74008EC33D = {
						CreatedOnToolsVersion = 10.1;
					};
				};
			};
			buildConfigurationList = 18726ED221DF6E74008EC33D /* Build configuration list for PBXProject "Link" */;
			compatibilityVersion = "Xcode 9.3";
			developmentRegion = en;
			hasScannedForEncodings = 0;
			knownRegions = (
				en,
				Base,
			);
			mainGroup = 18726ECE21DF6E74008EC33D;
			productRefGroup = 18726ED821DF6E74008EC33D /* Products */;
			projectDirPath = "";
			projectRoot = "";
			targets = (
				18726ED621DF6E74008EC33D /* Link */,
			);
		};
/* End PBXProject section */

/* Begin PBXResourcesBuildPhase section */
		18726ED521DF6E74008EC33D /* Resources */ = {
			isa = PBXResourcesBuildPhase;
			buildActionMask = 2147483647;
			files = (
				18726EE521DF6E74008EC33D /* LaunchScreen.storyboard in Resources */,
				18726EE221DF6E74008EC33D /* Assets.xcassets in Resources */,
				18726EE021DF6E74008EC33D /* Main.storyboard in Resources */,
			);
			runOnlyForDeploymentPostprocessing = 0;
		};
/* End PBXResourcesBuildPhase section */

/* Begin PBXShellScriptBuildPhase section */
		6A94188F4CB5CAED1180BCEF /* [CP] Check Pods Manifest.lock */ = {
			isa = PBXShellScriptBuildPhase;
			buildActionMask = 2147483647;
			files = (
			);
			inputFileListPaths = (
			);
			inputPaths = (
				"${PODS_PODFILE_DIR_PATH}/Podfile.lock",
				"${PODS_ROOT}/Manifest.lock",
			);
			name = "[CP] Check Pods Manifest.lock";
			outputFileListPaths = (
			);
			outputPaths = (
				"$(DERIVED_FILE_DIR)/Pods-Link-checkManifestLockResult.txt",
			);
			runOnlyForDeploymentPostprocessing = 0;
			shellPath = /bin/sh;
			shellScript = "diff \"${PODS_PODFILE_DIR_PATH}/Podfile.lock\" \"${PODS_ROOT}/Manifest.lock\" > /dev/null\nif [ $? != 0 ] ; then\n    # print error to STDERR\n    echo \"error: The sandbox is not in sync with the Podfile.lock. Run 'pod install' or update your CocoaPods installation.\" >&2\n    exit 1\nfi\n# This output is used by Xcode 'outputs' to avoid re-running this script phase.\necho \"SUCCESS\" > \"${SCRIPT_OUTPUT_FILE_0}\"\n";
			showEnvVarsInLog = 0;
		};
		FEFC0D5658B05564394C49D9 /* [CP] Embed Pods Frameworks */ = {
			isa = PBXShellScriptBuildPhase;
			buildActionMask = 2147483647;
			files = (
			);
			inputFileListPaths = (
			);
			inputPaths = (
				"${SRCROOT}/Pods/Target Support Files/Pods-Link/Pods-Link-frameworks.sh",
				"${BUILT_PRODUCTS_DIR}/TTTAttributedLabel/TTTAttributedLabel.framework",
			);
			name = "[CP] Embed Pods Frameworks";
			outputFileListPaths = (
			);
			outputPaths = (
				"${TARGET_BUILD_DIR}/${FRAMEWORKS_FOLDER_PATH}/TTTAttributedLabel.framework",
			);
			runOnlyForDeploymentPostprocessing = 0;
			shellPath = /bin/sh;
			shellScript = "\"${SRCROOT}/Pods/Target Support Files/Pods-Link/Pods-Link-frameworks.sh\"\n";
			showEnvVarsInLog = 0;
		};
/* End PBXShellScriptBuildPhase section */

/* Begin PBXSourcesBuildPhase section */
		18726ED321DF6E74008EC33D /* Sources */ = {
			isa = PBXSourcesBuildPhase;
			buildActionMask = 2147483647;
			files = (
				18726EDD21DF6E74008EC33D /* ViewController.swift in Sources */,
				18726EED21DF8994008EC33D /* CustomLabel.swift in Sources */,
				18726EDB21DF6E74008EC33D /* AppDelegate.swift in Sources */,
			);
			runOnlyForDeploymentPostprocessing = 0;
		};
/* End PBXSourcesBuildPhase section */

/* Begin PBXVariantGroup section */
		18726EDE21DF6E74008EC33D /* Main.storyboard */ = {
			isa = PBXVariantGroup;
			children = (
				18726EDF21DF6E74008EC33D /* Base */,
			);
			name = Main.storyboard;
			sourceTree = "<group>";
		};
		18726EE321DF6E74008EC33D /* LaunchScreen.storyboard */ = {
			isa = PBXVariantGroup;
			children = (
				18726EE421DF6E74008EC33D /* Base */,
			);
			name = LaunchScreen.storyboard;
			sourceTree = "<group>";
		};
/* End PBXVariantGroup section */

/* Begin XCBuildConfiguration section */
		18726EE721DF6E74008EC33D /* Debug */ = {
			isa = XCBuildConfiguration;
			buildSettings = {
				ALWAYS_SEARCH_USER_PATHS = NO;
				CLANG_ANALYZER_NONNULL = YES;
				CLANG_ANALYZER_NUMBER_OBJECT_CONVERSION = YES_AGGRESSIVE;
				CLANG_CXX_LANGUAGE_STANDARD = "gnu++14";
				CLANG_CXX_LIBRARY = "libc++";
				CLANG_ENABLE_MODULES = YES;
				CLANG_ENABLE_OBJC_ARC = YES;
				CLANG_ENABLE_OBJC_WEAK = YES;
				CLANG_WARN_BLOCK_CAPTURE_AUTORELEASING = YES;
				CLANG_WARN_BOOL_CONVERSION = YES;
				CLANG_WARN_COMMA = YES;
				CLANG_WARN_CONSTANT_CONVERSION = YES;
				CLANG_WARN_DEPRECATED_OBJC_IMPLEMENTATIONS = YES;
				CLANG_WARN_DIRECT_OBJC_ISA_USAGE = YES_ERROR;
				CLANG_WARN_DOCUMENTATION_COMMENTS = YES;
				CLANG_WARN_EMPTY_BODY = YES;
				CLANG_WARN_ENUM_CONVERSION = YES;
				CLANG_WARN_INFINITE_RECURSION = YES;
				CLANG_WARN_INT_CONVERSION = YES;
				CLANG_WARN_NON_LITERAL_NULL_CONVERSION = YES;
				CLANG_WARN_OBJC_IMPLICIT_RETAIN_SELF = YES;
				CLANG_WARN_OBJC_LITERAL_CONVERSION = YES;
				CLANG_WARN_OBJC_ROOT_CLASS = YES_ERROR;
				CLANG_WARN_RANGE_LOOP_ANALYSIS = YES;
				CLANG_WARN_STRICT_PROTOTYPES = YES;
				CLANG_WARN_SUSPICIOUS_MOVE = YES;
				CLANG_WARN_UNGUARDED_AVAILABILITY = YES_AGGRESSIVE;
				CLANG_WARN_UNREACHABLE_CODE = YES;
				CLANG_WARN__DUPLICATE_METHOD_MATCH = YES;
				CODE_SIGN_IDENTITY = "iPhone Developer";
				COPY_PHASE_STRIP = NO;
				DEBUG_INFORMATION_FORMAT = dwarf;
				ENABLE_STRICT_OBJC_MSGSEND = YES;
				ENABLE_TESTABILITY = YES;
				GCC_C_LANGUAGE_STANDARD = gnu11;
				GCC_DYNAMIC_NO_PIC = NO;
				GCC_NO_COMMON_BLOCKS = YES;
				GCC_OPTIMIZATION_LEVEL = 0;
				GCC_PREPROCESSOR_DEFINITIONS = (
					"DEBUG=1",
					"$(inherited)",
				);
				GCC_WARN_64_TO_32_BIT_CONVERSION = YES;
				GCC_WARN_ABOUT_RETURN_TYPE = YES_ERROR;
				GCC_WARN_UNDECLARED_SELECTOR = YES;
				GCC_WARN_UNINITIALIZED_AUTOS = YES_AGGRESSIVE;
				GCC_WARN_UNUSED_FUNCTION = YES;
				GCC_WARN_UNUSED_VARIABLE = YES;
				IPHONEOS_DEPLOYMENT_TARGET = 12.1;
				MTL_ENABLE_DEBUG_INFO = INCLUDE_SOURCE;
				MTL_FAST_MATH = YES;
				ONLY_ACTIVE_ARCH = YES;
				SDKROOT = iphoneos;
				SWIFT_ACTIVE_COMPILATION_CONDITIONS = DEBUG;
				SWIFT_OPTIMIZATION_LEVEL = "-Onone";
			};
			name = Debug;
		};
		18726EE821DF6E74008EC33D /* Release */ = {
			isa = XCBuildConfiguration;
			buildSettings = {
				ALWAYS_SEARCH_USER_PATHS = NO;
				CLANG_ANALYZER_NONNULL = YES;
				CLANG_ANALYZER_NUMBER_OBJECT_CONVERSION = YES_AGGRESSIVE;
				CLANG_CXX_LANGUAGE_STANDARD = "gnu++14";
				CLANG_CXX_LIBRARY = "libc++";
				CLANG_ENABLE_MODULES = YES;
				CLANG_ENABLE_OBJC_ARC = YES;
				CLANG_ENABLE_OBJC_WEAK = YES;
				CLANG_WARN_BLOCK_CAPTURE_AUTORELEASING = YES;
				CLANG_WARN_BOOL_CONVERSION = YES;
				CLANG_WARN_COMMA = YES;
				CLANG_WARN_CONSTANT_CONVERSION = YES;
				CLANG_WARN_DEPRECATED_OBJC_IMPLEMENTATIONS = YES;
				CLANG_WARN_DIRECT_OBJC_ISA_USAGE = YES_ERROR;
				CLANG_WARN_DOCUMENTATION_COMMENTS = YES;
				CLANG_WARN_EMPTY_BODY = YES;
				CLANG_WARN_ENUM_CONVERSION = YES;
				CLANG_WARN_INFINITE_RECURSION = YES;
				CLANG_WARN_INT_CONVERSION = YES;
				CLANG_WARN_NON_LITERAL_NULL_CONVERSION = YES;
				CLANG_WARN_OBJC_IMPLICIT_RETAIN_SELF = YES;
				CLANG_WARN_OBJC_LITERAL_CONVERSION = YES;
				CLANG_WARN_OBJC_ROOT_CLASS = YES_ERROR;
				CLANG_WARN_RANGE_LOOP_ANALYSIS = YES;
				CLANG_WARN_STRICT_PROTOTYPES = YES;
				CLANG_WARN_SUSPICIOUS_MOVE = YES;
				CLANG_WARN_UNGUARDED_AVAILABILITY = YES_AGGRESSIVE;
				CLANG_WARN_UNREACHABLE_CODE = YES;
				CLANG_WARN__DUPLICATE_METHOD_MATCH = YES;
				CODE_SIGN_IDENTITY = "iPhone Developer";
				COPY_PHASE_STRIP = NO;
				DEBUG_INFORMATION_FORMAT = "dwarf-with-dsym";
				ENABLE_NS_ASSERTIONS = NO;
				ENABLE_STRICT_OBJC_MSGSEND = YES;
				GCC_C_LANGUAGE_STANDARD = gnu11;
				GCC_NO_COMMON_BLOCKS = YES;
				GCC_WARN_64_TO_32_BIT_CONVERSION = YES;
				GCC_WARN_ABOUT_RETURN_TYPE = YES_ERROR;
				GCC_WARN_UNDECLARED_SELECTOR = YES;
				GCC_WARN_UNINITIALIZED_AUTOS = YES_AGGRESSIVE;
				GCC_WARN_UNUSED_FUNCTION = YES;
				GCC_WARN_UNUSED_VARIABLE = YES;
				IPHONEOS_DEPLOYMENT_TARGET = 12.1;
				MTL_ENABLE_DEBUG_INFO = NO;
				MTL_FAST_MATH = YES;
				SDKROOT = iphoneos;
				SWIFT_COMPILATION_MODE = wholemodule;
				SWIFT_OPTIMIZATION_LEVEL = "-O";
				VALIDATE_PRODUCT = YES;
			};
			name = Release;
		};
		18726EEA21DF6E74008EC33D /* Debug */ = {
			isa = XCBuildConfiguration;
			baseConfigurationReference = 635D85A0F1265AE231A37C2B /* Pods-Link.debug.xcconfig */;
			buildSettings = {
				ASSETCATALOG_COMPILER_APPICON_NAME = AppIcon;
				CODE_SIGN_STYLE = Automatic;
				DEVELOPMENT_TEAM = G2CU65X6LJ;
				INFOPLIST_FILE = Link/Info.plist;
				LD_RUNPATH_SEARCH_PATHS = (
					"$(inherited)",
					"@executable_path/Frameworks",
				);
				PRODUCT_BUNDLE_IDENTIFIER = com.ind.Link;
				PRODUCT_NAME = "$(TARGET_NAME)";
				SWIFT_VERSION = 4.2;
				TARGETED_DEVICE_FAMILY = "1,2";
			};
			name = Debug;
		};
		18726EEB21DF6E74008EC33D /* Release */ = {
			isa = XCBuildConfiguration;
			baseConfigurationReference = 0668AB6E10873E33E7B4182D /* Pods-Link.release.xcconfig */;
			buildSettings = {
				ASSETCATALOG_COMPILER_APPICON_NAME = AppIcon;
				CODE_SIGN_STYLE = Automatic;
				DEVELOPMENT_TEAM = G2CU65X6LJ;
				INFOPLIST_FILE = Link/Info.plist;
				LD_RUNPATH_SEARCH_PATHS = (
					"$(inherited)",
					"@executable_path/Frameworks",
				);
				PRODUCT_BUNDLE_IDENTIFIER = com.ind.Link;
				PRODUCT_NAME = "$(TARGET_NAME)";
				SWIFT_VERSION = 4.2;
				TARGETED_DEVICE_FAMILY = "1,2";
			};
			name = Release;
		};
/* End XCBuildConfiguration section */

/* Begin XCConfigurationList section */
		18726ED221DF6E74008EC33D /* Build configuration list for PBXProject "Link" */ = {
			isa = XCConfigurationList;
			buildConfigurations = (
				18726EE721DF6E74008EC33D /* Debug */,
				18726EE821DF6E74008EC33D /* Release */,
			);
			defaultConfigurationIsVisible = 0;
			defaultConfigurationName = Release;
		};
		18726EE921DF6E74008EC33D /* Build configuration list for PBXNativeTarget "Link" */ = {
			isa = XCConfigurationList;
			buildConfigurations = (
				18726EEA21DF6E74008EC33D /* Debug */,
				18726EEB21DF6E74008EC33D /* Release */,
			);
			defaultConfigurationIsVisible = 0;
			defaultConfigurationName = Release;
		};
/* End XCConfigurationList section */
	};
	rootObject = 18726ECF21DF6E74008EC33D /* Project object */;
}
