PODS:
  - TTTAttributedLabel (2.0.0)

DEPENDENCIES:
  - TTTAttributedLabel

SPEC REPOS:
  https://github.com/cocoapods/specs.git:
    - TTTAttributedLabel

SPEC CHECKSUMS:
  TTTAttributedLabel: 8cffe8e127e4e82ff3af1e5386d4cd0ad000b656

PODFILE CHECKSUM: e8b5174232e35ec0fd6cffbbe11d7f49f07e7262

COCOAPODS: 1.5.3
